
Microsoft Visual Studio Solution File, Format Version 12.00
# Visual Studio Version 17
VisualStudioVersion = 17.11.35222.181
MinimumVisualStudioVersion = 10.0.40219.1
Project("{FAE04EC0-301F-11D3-BF4B-00C04F79EFBC}") = "ConsoleApp1", "ConsoleApp1\ConsoleApp1.csproj", "{F5636C00-ADDE-414B-8935-D67CBF45F609}"
EndProject
Global
	GlobalSection(SolutionConfigurationPlatforms) = preSolution
		Debug|Any CPU = Debug|Any CPU
		Release|Any CPU = Release|Any CPU
	EndGlobalSection
	GlobalSection(ProjectConfigurationPlatforms) = postSolution
		{F5636C00-ADDE-414B-8935-D67CBF45F609}.Debug|Any CPU.ActiveCfg = Debug|Any CPU
		{F5636C00-ADDE-414B-8935-D67CBF45F609}.Debug|Any CPU.Build.0 = Debug|Any CPU
		{F5636C00-ADDE-414B-8935-D67CBF45F609}.Release|Any CPU.ActiveCfg = Release|Any CPU
		{F5636C00-ADDE-414B-8935-D67CBF45F609}.Release|Any CPU.Build.0 = Release|Any CPU
	EndGlobalSection
	GlobalSection(SolutionProperties) = preSolution
		HideSolutionNode = FALSE
	EndGlobalSection
	GlobalSection(ExtensibilityGlobals) = postSolution
		SolutionGuid = {FA5988C0-6F96-494E-8089-DC44A59475B7}
	EndGlobalSection
EndGlobal
